github.com/deliason10/puppy v0.0.0-20250329004148-7edd77a2ceee h1:3v0Va7iXoE6XRcfPFx/di5gNBBFiTK9MNofWgxTp4z4=
github.com/deliason10/puppy v0.0.0-20250329004148-7edd77a2ceee/go.mod h1:jM30n7/0VJ6KR7XnDTMIROXQW/su07C9Qgffrh9T4PU=
github.com/deliason10/puppy v0.0.0-20250329011749-43c8b352c255 h1:J9O3sC5I4DzK2mhtdEuvBe+WJhaEqcgTaU4GHIeUB/U=
github.com/deliason10/puppy v0.0.0-20250329011749-43c8b352c255/go.mod h1:jM30n7/0VJ6KR7XnDTMIROXQW/su07C9Qgffrh9T4PU=
